// !$*UTF8*$!
{
	archiveVersion = 1;
	classes = {
	};
	objectVersion = 50;
	objects = {

/* Begin PBXBuildFile section */
		2B69C0494A5E16CA610A8E46 /* Pods_ABC.framework in Frameworks */ = {isa = PBXBuildFile; fileRef = 4156B7E7B6B1D584DCC8E036 /* Pods_ABC.framework */; };
		35F77EE221E3CCF4006C8C83 /* AppDelegate.swift in Sources */ = {isa = PBXBuildFile; fileRef = 35F77EE121E3CCF4006C8C83 /* AppDelegate.swift */; };
		35F77EE421E3CCF4006C8C83 /* ViewController.swift in Sources */ = {isa = PBXBuildFile; fileRef = 35F77EE321E3CCF4006C8C83 /* ViewController.swift */; };
		35F77EE721E3CCF4006C8C83 /* Main.storyboard in Resources */ = {isa = PBXBuildFile; fileRef = 35F77EE521E3CCF4006C8C83 /* Main.storyboard */; };
		35F77EE921E3CCF5006C8C83 /* Assets.xcassets in Resources */ = {isa = PBXBuildFile; fileRef = 35F77EE821E3CCF5006C8C83 /* Assets.xcassets */; };
		35F77EEC21E3CCF5006C8C83 /* LaunchScreen.storyboard in Resources */ = {isa = PBXBuildFile; fileRef = 35F77EEA21E3CCF5006C8C83 /* LaunchScreen.storyboard */; };
/* End PBXBuildFile section */

/* Begin PBXFileReference section */
		35F77EDE21E3CCF4006C8C83 /* ABC.app */ = {isa = PBXFileReference; explicitFileType = wrapper.application; includeInIndex = 0; path = ABC.app; sourceTree = BUILT_PRODUCTS_DIR; };
		35F77EE121E3CCF4006C8C83 /* AppDelegate.swift */ = {isa = PBXFileReference; lastKnownFileType = sourcecode.swift; path = AppDelegate.swift; sourceTree = "<group>"; };
		35F77EE321E3CCF4006C8C83 /* ViewController.swift */ = {isa = PBXFileReference; lastKnownFileType = sourcecode.swift; path = ViewController.swift; sourceTree = "<group>"; };
		35F77EE621E3CCF4006C8C83 /* Base */ = {isa = PBXFileReference; lastKnownFileType = file.storyboard; name = Base; path = Base.lproj/Main.storyboard; sourceTree = "<group>"; };
		35F77EE821E3CCF5006C8C83 /* Assets.xcassets */ = {isa = PBXFileReference; lastKnownFileType = folder.assetcatalog; path = Assets.xcassets; sourceTree = "<group>"; };
		35F77EEB21E3CCF5006C8C83 /* Base */ = {isa = PBXFileReference; lastKnownFileType = file.storyboard; name = Base; path = Base.lproj/LaunchScreen.storyboard; sourceTree = "<group>"; };
		35F77EED21E3CCF5006C8C83 /* Info.plist */ = {isa = PBXFileReference; lastKnownFileType = text.plist.xml; path = Info.plist; sourceTree = "<group>"; };
		4156B7E7B6B1D584DCC8E036 /* Pods_ABC.framework */ = {isa = PBXFileReference; explicitFileType = wrapper.framework; includeInIndex = 0; path = Pods_ABC.framework; sourceTree = BUILT_PRODUCTS_DIR; };
		593CE32CF7C9356BE8BAD2FB /* Pods-ABC.release.xcconfig */ = {isa = PBXFileReference; includeInIndex = 1; lastKnownFileType = text.xcconfig; name = "Pods-ABC.release.xcconfig"; path = "Pods/Target Support Files/Pods-ABC/Pods-ABC.release.xcconfig"; sourceTree = "<group>"; };
		90401891CD501A5824E5B610 /* Pods-ABC.debug.xcconfig */ = {isa = PBXFileReference; includeInIndex = 1; lastKnownFileType = text.xcconfig; name = "Pods-ABC.debug.xcconfig"; path = "Pods/Target Support Files/Pods-ABC/Pods-ABC.debug.xcconfig"; sourceTree = "<group>"; };
/* End PBXFileReference section */

/* Begin PBXFrameworksBuildPhase section */
		35F77EDB21E3CCF4006C8C83 /* Frameworks */ = {
			isa = PBXFrameworksBuildPhase;
			buildActionMask = 2147483647;
			files = (
				2B69C0494A5E16CA610A8E46 /* Pods_ABC.framework in Frameworks */,
			);
			runOnlyForDeploymentPostprocessing = 0;
		};
/* End PBXFrameworksBuildPhase section */

/* Begin PBXGroup section */
		35F77ED521E3CCF4006C8C83 = {
			isa = PBXGroup;
			children = (
				35F77EE021E3CCF4006C8C83 /* ABC */,
				35F77EDF21E3CCF4006C8C83 /* Products */,
				6845987719C8C5935BA6CEDC /* Pods */,
				B302F4F4859402A2D77C9CAC /* Frameworks */,
			);
			sourceTree = "<group>";
		};
		35F77EDF21E3CCF4006C8C83 /* Products */ = {
			isa = PBXGroup;
			children = (
				35F77EDE21E3CCF4006C8C83 /* ABC.app */,
			);
			name = Products;
			sourceTree = "<group>";
		};
		35F77EE021E3CCF4006C8C83 /* ABC */ = {
			isa = PBXGroup;
			children = (
				35F77EE121E3CCF4006C8C83 /* AppDelegate.swift */,
				35F77EE321E3CCF4006C8C83 /* ViewController.swift */,
				35F77EE521E3CCF4006C8C83 /* Main.storyboard */,
				35F77EE821E3CCF5006C8C83 /* Assets.xcassets */,
				35F77EEA21E3CCF5006C8C83 /* LaunchScreen.storyboard */,
				35F77EED21E3CCF5006C8C83 /* Info.plist */,
			);
			path = ABC;
			sourceTree = "<group>";
		};
		6845987719C8C5935BA6CEDC /* Pods */ = {
			isa = PBXGroup;
			children = (
				90401891CD501A5824E5B610 /* Pods-ABC.debug.xcconfig */,
				593CE32CF7C9356BE8BAD2FB /* Pods-ABC.release.xcconfig */,
			);
			name = Pods;
			sourceTree = "<group>";
		};
		B302F4F4859402A2D77C9CAC /* Frameworks */ = {
			isa = PBXGroup;
			children = (
				4156B7E7B6B1D584DCC8E036 /* Pods_ABC.framework */,
			);
			name = Frameworks;
			sourceTree = "<group>";
		};
/* End PBXGroup section */

/* Begin PBXNativeTarget section */
		35F77EDD21E3CCF4006C8C83 /* ABC */ = {
			isa = PBXNativeTarget;
			buildConfigurationList = 35F77EF021E3CCF5006C8C83 /* Build configuration list for PBXNativeTarget "ABC" */;
			buildPhases = (
				7379728B6F12C1F5117F5FA3 /* [CP] Check Pods Manifest.lock */,
				35F77EDA21E3CCF4006C8C83 /* Sources */,
				35F77EDB21E3CCF4006C8C83 /* Frameworks */,
				35F77EDC21E3CCF4006C8C83 /* Resources */,
				5EBACA1061782FECFF05BFB3 /* [CP] Embed Pods Frameworks */,
			);
			buildRules = (
			);
			dependencies = (
			);
			name = ABC;
			productName = ABC;
			productReference = 35F77EDE21E3CCF4006C8C83 /* ABC.app */;
			productType = "com.apple.product-type.application";
		};
/* End PBXNativeTarget section */

/* Begin PBXProject section */
		35F77ED621E3CCF4006C8C83 /* Project object */ = {
			isa = PBXProject;
			attributes = {
				LastSwiftUpdateCheck = 1010;
				LastUpgradeCheck = 1010;
				ORGANIZATIONNAME = "Mahesh Mavurapu";
				TargetAttributes = {
					35F77EDD21E3CCF4006C8C83 = {
						CreatedOnToolsVersion = 10.1;
					};
				};
			};
			buildConfigurationList = 35F77ED921E3CCF4006C8C83 /* Build configuration list for PBXProject "ABC" */;
			compatibilityVersion = "Xcode 9.3";
			developmentRegion = en;
			hasScannedForEncodings = 0;
			knownRegions = (
				en,
				Base,
			);
			mainGroup = 35F77ED521E3CCF4006C8C83;
			productRefGroup = 35F77EDF21E3CCF4006C8C83 /* Products */;
			projectDirPath = "";
			projectRoot = "";
			targets = (
				35F77EDD21E3CCF4006C8C83 /* ABC */,
			);
		};
/* End PBXProject section */

/* Begin PBXResourcesBuildPhase section */
		35F77EDC21E3CCF4006C8C83 /* Resources */ = {
			isa = PBXResourcesBuildPhase;
			buildActionMask = 2147483647;
			files = (
				35F77EEC21E3CCF5006C8C83 /* LaunchScreen.storyboard in Resources */,
				35F77EE921E3CCF5006C8C83 /* Assets.xcassets in Resources */,
				35F77EE721E3CCF4006C8C83 /* Main.storyboard in Resources */,
			);
			runOnlyForDeploymentPostprocessing = 0;
		};
/* End PBXResourcesBuildPhase section */

/* Begin PBXShellScriptBuildPhase section */
		5EBACA1061782FECFF05BFB3 /* [CP] Embed Pods Frameworks */ = {
			isa = PBXShellScriptBuildPhase;
			buildActionMask = 2147483647;
			files = (
			);
			inputFileListPaths = (
			);
			inputPaths = (
				"${SRCROOT}/Pods/Target Support Files/Pods-ABC/Pods-ABC-frameworks.sh",
				"${BUILT_PRODUCTS_DIR}/Alamofire/Alamofire.framework",
			);
			name = "[CP] Embed Pods Frameworks";
			outputFileListPaths = (
			);
			outputPaths = (
				"${TARGET_BUILD_DIR}/${FRAMEWORKS_FOLDER_PATH}/Alamofire.framework",
			);
			runOnlyForDeploymentPostprocessing = 0;
			shellPath = /bin/sh;
			shellScript = "\"${SRCROOT}/Pods/Target Support Files/Pods-ABC/Pods-ABC-frameworks.sh\"\n";
			showEnvVarsInLog = 0;
		};
		7379728B6F12C1F5117F5FA3 /* [CP] Check Pods Manifest.lock */ = {
			isa = PBXShellScriptBuildPhase;
			buildActionMask = 2147483647;
			files = (
			);
			inputFileListPaths = (
			);
			inputPaths = (
				"${PODS_PODFILE_DIR_PATH}/Podfile.lock",
				"${PODS_ROOT}/Manifest.lock",
			);
			name = "[CP] Check Pods Manifest.lock";
			outputFileListPaths = (
			);
			outputPaths = (
				"$(DERIVED_FILE_DIR)/Pods-ABC-checkManifestLockResult.txt",
			);
			runOnlyForDeploymentPostprocessing = 0;
			shellPath = /bin/sh;
			shellScript = "diff \"${PODS_PODFILE_DIR_PATH}/Podfile.lock\" \"${PODS_ROOT}/Manifest.lock\" > /dev/null\nif [ $? != 0 ] ; then\n    # print error to STDERR\n    echo \"error: The sandbox is not in sync with the Podfile.lock. Run 'pod install' or update your CocoaPods installation.\" >&2\n    exit 1\nfi\n# This output is used by Xcode 'outputs' to avoid re-running this script phase.\necho \"SUCCESS\" > \"${SCRIPT_OUTPUT_FILE_0}\"\n";
			showEnvVarsInLog = 0;
		};
/* End PBXShellScriptBuildPhase section */

/* Begin PBXSourcesBuildPhase section */
		35F77EDA21E3CCF4006C8C83 /* Sources */ = {
			isa = PBXSourcesBuildPhase;
			buildActionMask = 2147483647;
			files = (
				35F77EE421E3CCF4006C8C83 /* ViewController.swift in Sources */,
				35F77EE221E3CCF4006C8C83 /* AppDelegate.swift in Sources */,
			);
			runOnlyForDeploymentPostprocessing = 0;
		};
/* End PBXSourcesBuildPhase section */

/* Begin PBXVariantGroup section */
		35F77EE521E3CCF4006C8C83 /* Main.storyboard */ = {
			isa = PBXVariantGroup;
			children = (
				35F77EE621E3CCF4006C8C83 /* Base */,
			);
			name = Main.storyboard;
			sourceTree = "<group>";
		};
		35F77EEA21E3CCF5006C8C83 /* LaunchScreen.storyboard */ = {
			isa = PBXVariantGroup;
			children = (
				35F77EEB21E3CCF5006C8C83 /* Base */,
			);
			name = LaunchScreen.storyboard;
			sourceTree = "<group>";
		};
/* End PBXVariantGroup section */

/* Begin XCBuildConfiguration section */
		35F77EEE21E3CCF5006C8C83 /* Debug */ = {
			isa = XCBuildConfiguration;
			buildSettings = {
				ALWAYS_SEARCH_USER_PATHS = NO;
				CLANG_ANALYZER_NONNULL = YES;
				CLANG_ANALYZER_NUMBER_OBJECT_CONVERSION = YES_AGGRESSIVE;
				CLANG_CXX_LANGUAGE_STANDARD = "gnu++14";
				CLANG_CXX_LIBRARY = "libc++";
				CLANG_ENABLE_MODULES = YES;
				CLANG_ENABLE_OBJC_ARC = YES;
				CLANG_ENABLE_OBJC_WEAK = YES;
				CLANG_WARN_BLOCK_CAPTURE_AUTORELEASING = YES;
				CLANG_WARN_BOOL_CONVERSION = YES;
				CLANG_WARN_COMMA = YES;
				CLANG_WARN_CONSTANT_CONVERSION = YES;
				CLANG_WARN_DEPRECATED_OBJC_IMPLEMENTATIONS = YES;
				CLANG_WARN_DIRECT_OBJC_ISA_USAGE = YES_ERROR;
				CLANG_WARN_DOCUMENTATION_COMMENTS = YES;
				CLANG_WARN_EMPTY_BODY = YES;
				CLANG_WARN_ENUM_CONVERSION = YES;
				CLANG_WARN_INFINITE_RECURSION = YES;
				CLANG_WARN_INT_CONVERSION = YES;
				CLANG_WARN_NON_LITERAL_NULL_CONVERSION = YES;
				CLANG_WARN_OBJC_IMPLICIT_RETAIN_SELF = YES;
				CLANG_WARN_OBJC_LITERAL_CONVERSION = YES;
				CLANG_WARN_OBJC_ROOT_CLASS = YES_ERROR;
				CLANG_WARN_RANGE_LOOP_ANALYSIS = YES;
				CLANG_WARN_STRICT_PROTOTYPES = YES;
				CLANG_WARN_SUSPICIOUS_MOVE = YES;
				CLANG_WARN_UNGUARDED_AVAILABILITY = YES_AGGRESSIVE;
				CLANG_WARN_UNREACHABLE_CODE = YES;
				CLANG_WARN__DUPLICATE_METHOD_MATCH = YES;
				CODE_SIGN_IDENTITY = "iPhone Developer";
				COPY_PHASE_STRIP = NO;
				DEBUG_INFORMATION_FORMAT = dwarf;
				ENABLE_STRICT_OBJC_MSGSEND = YES;
				ENABLE_TESTABILITY = YES;
				GCC_C_LANGUAGE_STANDARD = gnu11;
				GCC_DYNAMIC_NO_PIC = NO;
				GCC_NO_COMMON_BLOCKS = YES;
				GCC_OPTIMIZATION_LEVEL = 0;
				GCC_PREPROCESSOR_DEFINITIONS = (
					"DEBUG=1",
					"$(inherited)",
				);
				GCC_WARN_64_TO_32_BIT_CONVERSION = YES;
				GCC_WARN_ABOUT_RETURN_TYPE = YES_ERROR;
				GCC_WARN_UNDECLARED_SELECTOR = YES;
				GCC_WARN_UNINITIALIZED_AUTOS = YES_AGGRESSIVE;
				GCC_WARN_UNUSED_FUNCTION = YES;
				GCC_WARN_UNUSED_VARIABLE = YES;
				IPHONEOS_DEPLOYMENT_TARGET = 12.1;
				MTL_ENABLE_DEBUG_INFO = INCLUDE_SOURCE;
				MTL_FAST_MATH = YES;
				ONLY_ACTIVE_ARCH = YES;
				SDKROOT = iphoneos;
				SWIFT_ACTIVE_COMPILATION_CONDITIONS = DEBUG;
				SWIFT_OPTIMIZATION_LEVEL = "-Onone";
			};
			name = Debug;
		};
		35F77EEF21E3CCF5006C8C83 /* Release */ = {
			isa = XCBuildConfiguration;
			buildSettings = {
				ALWAYS_SEARCH_USER_PATHS = NO;
				CLANG_ANALYZER_NONNULL = YES;
				CLANG_ANALYZER_NUMBER_OBJECT_CONVERSION = YES_AGGRESSIVE;
				CLANG_CXX_LANGUAGE_STANDARD = "gnu++14";
				CLANG_CXX_LIBRARY = "libc++";
				CLANG_ENABLE_MODULES = YES;
				CLANG_ENABLE_OBJC_ARC = YES;
				CLANG_ENABLE_OBJC_WEAK = YES;
				CLANG_WARN_BLOCK_CAPTURE_AUTORELEASING = YES;
				CLANG_WARN_BOOL_CONVERSION = YES;
				CLANG_WARN_COMMA = YES;
				CLANG_WARN_CONSTANT_CONVERSION = YES;
				CLANG_WARN_DEPRECATED_OBJC_IMPLEMENTATIONS = YES;
				CLANG_WARN_DIRECT_OBJC_ISA_USAGE = YES_ERROR;
				CLANG_WARN_DOCUMENTATION_COMMENTS = YES;
				CLANG_WARN_EMPTY_BODY = YES;
				CLANG_WARN_ENUM_CONVERSION = YES;
				CLANG_WARN_INFINITE_RECURSION = YES;
				CLANG_WARN_INT_CONVERSION = YES;
				CLANG_WARN_NON_LITERAL_NULL_CONVERSION = YES;
				CLANG_WARN_OBJC_IMPLICIT_RETAIN_SELF = YES;
				CLANG_WARN_OBJC_LITERAL_CONVERSION = YES;
				CLANG_WARN_OBJC_ROOT_CLASS = YES_ERROR;
				CLANG_WARN_RANGE_LOOP_ANALYSIS = YES;
				CLANG_WARN_STRICT_PROTOTYPES = YES;
				CLANG_WARN_SUSPICIOUS_MOVE = YES;
				CLANG_WARN_UNGUARDED_AVAILABILITY = YES_AGGRESSIVE;
				CLANG_WARN_UNREACHABLE_CODE = YES;
				CLANG_WARN__DUPLICATE_METHOD_MATCH = YES;
				CODE_SIGN_IDENTITY = "iPhone Developer";
				COPY_PHASE_STRIP = NO;
				DEBUG_INFORMATION_FORMAT = "dwarf-with-dsym";
				ENABLE_NS_ASSERTIONS = NO;
				ENABLE_STRICT_OBJC_MSGSEND = YES;
				GCC_C_LANGUAGE_STANDARD = gnu11;
				GCC_NO_COMMON_BLOCKS = YES;
				GCC_WARN_64_TO_32_BIT_CONVERSION = YES;
				GCC_WARN_ABOUT_RETURN_TYPE = YES_ERROR;
				GCC_WARN_UNDECLARED_SELECTOR = YES;
				GCC_WARN_UNINITIALIZED_AUTOS = YES_AGGRESSIVE;
				GCC_WARN_UNUSED_FUNCTION = YES;
				GCC_WARN_UNUSED_VARIABLE = YES;
				IPHONEOS_DEPLOYMENT_TARGET = 12.1;
				MTL_ENABLE_DEBUG_INFO = NO;
				MTL_FAST_MATH = YES;
				SDKROOT = iphoneos;
				SWIFT_COMPILATION_MODE = wholemodule;
				SWIFT_OPTIMIZATION_LEVEL = "-O";
				VALIDATE_PRODUCT = YES;
			};
			name = Release;
		};
		35F77EF121E3CCF5006C8C83 /* Debug */ = {
			isa = XCBuildConfiguration;
			baseConfigurationReference = 90401891CD501A5824E5B610 /* Pods-ABC.debug.xcconfig */;
			buildSettings = {
				ASSETCATALOG_COMPILER_APPICON_NAME = AppIcon;
				CODE_SIGN_STYLE = Automatic;
				INFOPLIST_FILE = ABC/Info.plist;
				LD_RUNPATH_SEARCH_PATHS = (
					"$(inherited)",
					"@executable_path/Frameworks",
				);
				PRODUCT_BUNDLE_IDENTIFIER = com.iOSMahesha.ABC;
				PRODUCT_NAME = "$(TARGET_NAME)";
				SWIFT_VERSION = 4.2;
				TARGETED_DEVICE_FAMILY = "1,2";
			};
			name = Debug;
		};
		35F77EF221E3CCF5006C8C83 /* Release */ = {
			isa = XCBuildConfiguration;
			baseConfigurationReference = 593CE32CF7C9356BE8BAD2FB /* Pods-ABC.release.xcconfig */;
			buildSettings = {
				ASSETCATALOG_COMPILER_APPICON_NAME = AppIcon;
				CODE_SIGN_STYLE = Automatic;
				INFOPLIST_FILE = ABC/Info.plist;
				LD_RUNPATH_SEARCH_PATHS = (
					"$(inherited)",
					"@executable_path/Frameworks",
				);
				PRODUCT_BUNDLE_IDENTIFIER = com.iOSMahesha.ABC;
				PRODUCT_NAME = "$(TARGET_NAME)";
				SWIFT_VERSION = 4.2;
				TARGETED_DEVICE_FAMILY = "1,2";
			};
			name = Release;
		};
/* End XCBuildConfiguration section */

/* Begin XCConfigurationList section */
		35F77ED921E3CCF4006C8C83 /* Build configuration list for PBXProject "ABC" */ = {
			isa = XCConfigurationList;
			buildConfigurations = (
				35F77EEE21E3CCF5006C8C83 /* Debug */,
				35F77EEF21E3CCF5006C8C83 /* Release */,
			);
			defaultConfigurationIsVisible = 0;
			defaultConfigurationName = Release;
		};
		35F77EF021E3CCF5006C8C83 /* Build configuration list for PBXNativeTarget "ABC" */ = {
			isa = XCConfigurationList;
			buildConfigurations = (
				35F77EF121E3CCF5006C8C83 /* Debug */,
				35F77EF221E3CCF5006C8C83 /* Release */,
			);
			defaultConfigurationIsVisible = 0;
			defaultConfigurationName = Release;
		};
/* End XCConfigurationList section */
	};
	rootObject = 35F77ED621E3CCF4006C8C83 /* Project object */;
}
